// !$*UTF8*$!
{
	archiveVersion = 1;
	classes = {
	};
	objectVersion = 50;
	objects = {

/* Begin PBXBuildFile section */
		0B0EFA63238C2ADF0025EE9E /* main.m in Sources */ = {isa = PBXBuildFile; fileRef = 0B0EFA62238C2ADF0025EE9E /* main.m */; };
		0B0EFA6B238C2AED0025EE9E /* Book.m in Sources */ = {isa = PBXBuildFile; fileRef = 0B0EFA6A238C2AED0025EE9E /* Book.m */; };
		0B0EFA6E238C2CEF0025EE9E /* Library.m in Sources */ = {isa = PBXBuildFile; fileRef = 0B0EFA6D238C2CEF0025EE9E /* Library.m */; };
		0B27D93A238FE894006B9E24 /* Student.m in Sources */ = {isa = PBXBuildFile; fileRef = 0B27D939238FE894006B9E24 /* Student.m */; };
/* End PBXBuildFile section */

/* Begin PBXCopyFilesBuildPhase section */
		0B0EFA5D238C2ADF0025EE9E /* CopyFiles */ = {
			isa = PBXCopyFilesBuildPhase;
			buildActionMask = 2147483647;
			dstPath = /usr/share/man/man1/;
			dstSubfolderSpec = 0;
			files = (
			);
			runOnlyForDeploymentPostprocessing = 1;
		};
/* End PBXCopyFilesBuildPhase section */

/* Begin PBXFileReference section */
		0B0EFA5F238C2ADF0025EE9E /* 图书馆检索总系统 */ = {isa = PBXFileReference; explicitFileType = "compiled.mach-o.executable"; includeInIndex = 0; path = "图书馆检索总系统"; sourceTree = BUILT_PRODUCTS_DIR; };
		0B0EFA62238C2ADF0025EE9E /* main.m */ = {isa = PBXFileReference; lastKnownFileType = sourcecode.c.objc; path = main.m; sourceTree = "<group>"; };
		0B0EFA69238C2AED0025EE9E /* Book.h */ = {isa = PBXFileReference; lastKnownFileType = sourcecode.c.h; path = Book.h; sourceTree = "<group>"; };
		0B0EFA6A238C2AED0025EE9E /* Book.m */ = {isa = PBXFileReference; lastKnownFileType = sourcecode.c.objc; path = Book.m; sourceTree = "<group>"; };
		0B0EFA6C238C2CEF0025EE9E /* Library.h */ = {isa = PBXFileReference; lastKnownFileType = sourcecode.c.h; path = Library.h; sourceTree = "<group>"; };
		0B0EFA6D238C2CEF0025EE9E /* Library.m */ = {isa = PBXFileReference; lastKnownFileType = sourcecode.c.objc; path = Library.m; sourceTree = "<group>"; };
		0B27D938238FE894006B9E24 /* Student.h */ = {isa = PBXFileReference; lastKnownFileType = sourcecode.c.h; path = Student.h; sourceTree = "<group>"; };
		0B27D939238FE894006B9E24 /* Student.m */ = {isa = PBXFileReference; lastKnownFileType = sourcecode.c.objc; path = Student.m; sourceTree = "<group>"; };
/* End PBXFileReference section */

/* Begin PBXFrameworksBuildPhase section */
		0B0EFA5C238C2ADF0025EE9E /* Frameworks */ = {
			isa = PBXFrameworksBuildPhase;
			buildActionMask = 2147483647;
			files = (
			);
			runOnlyForDeploymentPostprocessing = 0;
		};
/* End PBXFrameworksBuildPhase section */

/* Begin PBXGroup section */
		0B0EFA56238C2ADF0025EE9E = {
			isa = PBXGroup;
			children = (
				0B0EFA61238C2ADF0025EE9E /* 图书馆检索总系统 */,
				0B0EFA60238C2ADF0025EE9E /* Products */,
			);
			sourceTree = "<group>";
		};
		0B0EFA60238C2ADF0025EE9E /* Products */ = {
			isa = PBXGroup;
			children = (
				0B0EFA5F238C2ADF0025EE9E /* 图书馆检索总系统 */,
			);
			name = Products;
			sourceTree = "<group>";
		};
		0B0EFA61238C2ADF0025EE9E /* 图书馆检索总系统 */ = {
			isa = PBXGroup;
			children = (
				0B0EFA62238C2ADF0025EE9E /* main.m */,
				0B0EFA6C238C2CEF0025EE9E /* Library.h */,
				0B0EFA6D238C2CEF0025EE9E /* Library.m */,
				0B0EFA69238C2AED0025EE9E /* Book.h */,
				0B0EFA6A238C2AED0025EE9E /* Book.m */,
				0B27D938238FE894006B9E24 /* Student.h */,
				0B27D939238FE894006B9E24 /* Student.m */,
			);
			path = "图书馆检索总系统";
			sourceTree = "<group>";
		};
/* End PBXGroup section */

/* Begin PBXNativeTarget section */
		0B0EFA5E238C2ADF0025EE9E /* 图书馆检索总系统 */ = {
			isa = PBXNativeTarget;
			buildConfigurationList = 0B0EFA66238C2ADF0025EE9E /* Build configuration list for PBXNativeTarget "图书馆检索总系统" */;
			buildPhases = (
				0B0EFA5B238C2ADF0025EE9E /* Sources */,
				0B0EFA5C238C2ADF0025EE9E /* Frameworks */,
				0B0EFA5D238C2ADF0025EE9E /* CopyFiles */,
			);
			buildRules = (
			);
			dependencies = (
			);
			name = "图书馆检索总系统";
			productName = "图书馆检索总系统";
			productReference = 0B0EFA5F238C2ADF0025EE9E /* 图书馆检索总系统 */;
			productType = "com.apple.product-type.tool";
		};
/* End PBXNativeTarget section */

/* Begin PBXProject section */
		0B0EFA57238C2ADF0025EE9E /* Project object */ = {
			isa = PBXProject;
			attributes = {
				LastUpgradeCheck = 1120;
				ORGANIZATIONNAME = "宁旭晖";
				TargetAttributes = {
					0B0EFA5E238C2ADF0025EE9E = {
						CreatedOnToolsVersion = 11.2.1;
					};
				};
			};
			buildConfigurationList = 0B0EFA5A238C2ADF0025EE9E /* Build configuration list for PBXProject "图书馆检索总系统" */;
			compatibilityVersion = "Xcode 9.3";
			developmentRegion = en;
			hasScannedForEncodings = 0;
			knownRegions = (
				en,
				Base,
			);
			mainGroup = 0B0EFA56238C2ADF0025EE9E;
			productRefGroup = 0B0EFA60238C2ADF0025EE9E /* Products */;
			projectDirPath = "";
			projectRoot = "";
			targets = (
				0B0EFA5E238C2ADF0025EE9E /* 图书馆检索总系统 */,
			);
		};
/* End PBXProject section */

/* Begin PBXSourcesBuildPhase section */
		0B0EFA5B238C2ADF0025EE9E /* Sources */ = {
			isa = PBXSourcesBuildPhase;
			buildActionMask = 2147483647;
			files = (
				0B0EFA6E238C2CEF0025EE9E /* Library.m in Sources */,
				0B0EFA6B238C2AED0025EE9E /* Book.m in Sources */,
				0B0EFA63238C2ADF0025EE9E /* main.m in Sources */,
				0B27D93A238FE894006B9E24 /* Student.m in Sources */,
			);
			runOnlyForDeploymentPostprocessing = 0;
		};
/* End PBXSourcesBuildPhase section */

/* Begin XCBuildConfiguration section */
		0B0EFA64238C2ADF0025EE9E /* Debug */ = {
			isa = XCBuildConfiguration;
			buildSettings = {
				ALWAYS_SEARCH_USER_PATHS = NO;
				CLANG_ANALYZER_NONNULL = YES;
				CLANG_ANALYZER_NUMBER_OBJECT_CONVERSION = YES_AGGRESSIVE;
				CLANG_CXX_LANGUAGE_STANDARD = "gnu++14";
				CLANG_CXX_LIBRARY = "libc++";
				CLANG_ENABLE_MODULES = YES;
				CLANG_ENABLE_OBJC_ARC = YES;
				CLANG_ENABLE_OBJC_WEAK = YES;
				CLANG_WARN_BLOCK_CAPTURE_AUTORELEASING = YES;
				CLANG_WARN_BOOL_CONVERSION = YES;
				CLANG_WARN_COMMA = YES;
				CLANG_WARN_CONSTANT_CONVERSION = YES;
				CLANG_WARN_DEPRECATED_OBJC_IMPLEMENTATIONS = YES;
				CLANG_WARN_DIRECT_OBJC_ISA_USAGE = YES_ERROR;
				CLANG_WARN_DOCUMENTATION_COMMENTS = YES;
				CLANG_WARN_EMPTY_BODY = YES;
				CLANG_WARN_ENUM_CONVERSION = YES;
				CLANG_WARN_INFINITE_RECURSION = YES;
				CLANG_WARN_INT_CONVERSION = YES;
				CLANG_WARN_NON_LITERAL_NULL_CONVERSION = YES;
				CLANG_WARN_OBJC_IMPLICIT_RETAIN_SELF = YES;
				CLANG_WARN_OBJC_LITERAL_CONVERSION = YES;
				CLANG_WARN_OBJC_ROOT_CLASS = YES_ERROR;
				CLANG_WARN_RANGE_LOOP_ANALYSIS = YES;
				CLANG_WARN_STRICT_PROTOTYPES = YES;
				CLANG_WARN_SUSPICIOUS_MOVE = YES;
				CLANG_WARN_UNGUARDED_AVAILABILITY = YES_AGGRESSIVE;
				CLANG_WARN_UNREACHABLE_CODE = YES;
				CLANG_WARN__DUPLICATE_METHOD_MATCH = YES;
				COPY_PHASE_STRIP = NO;
				DEBUG_INFORMATION_FORMAT = dwarf;
				ENABLE_STRICT_OBJC_MSGSEND = YES;
				ENABLE_TESTABILITY = YES;
				GCC_C_LANGUAGE_STANDARD = gnu11;
				GCC_DYNAMIC_NO_PIC = NO;
				GCC_NO_COMMON_BLOCKS = YES;
				GCC_OPTIMIZATION_LEVEL = 0;
				GCC_PREPROCESSOR_DEFINITIONS = (
					"DEBUG=1",
					"$(inherited)",
				);
				GCC_WARN_64_TO_32_BIT_CONVERSION = YES;
				GCC_WARN_ABOUT_RETURN_TYPE = YES_ERROR;
				GCC_WARN_UNDECLARED_SELECTOR = YES;
				GCC_WARN_UNINITIALIZED_AUTOS = YES_AGGRESSIVE;
				GCC_WARN_UNUSED_FUNCTION = YES;
				GCC_WARN_UNUSED_VARIABLE = YES;
				MACOSX_DEPLOYMENT_TARGET = 10.15;
				MTL_ENABLE_DEBUG_INFO = INCLUDE_SOURCE;
				MTL_FAST_MATH = YES;
				ONLY_ACTIVE_ARCH = YES;
				SDKROOT = macosx;
			};
			name = Debug;
		};
		0B0EFA65238C2ADF0025EE9E /* Release */ = {
			isa = XCBuildConfiguration;
			buildSettings = {
				ALWAYS_SEARCH_USER_PATHS = NO;
				CLANG_ANALYZER_NONNULL = YES;
				CLANG_ANALYZER_NUMBER_OBJECT_CONVERSION = YES_AGGRESSIVE;
				CLANG_CXX_LANGUAGE_STANDARD = "gnu++14";
				CLANG_CXX_LIBRARY = "libc++";
				CLANG_ENABLE_MODULES = YES;
				CLANG_ENABLE_OBJC_ARC = YES;
				CLANG_ENABLE_OBJC_WEAK = YES;
				CLANG_WARN_BLOCK_CAPTURE_AUTORELEASING = YES;
				CLANG_WARN_BOOL_CONVERSION = YES;
				CLANG_WARN_COMMA = YES;
				CLANG_WARN_CONSTANT_CONVERSION = YES;
				CLANG_WARN_DEPRECATED_OBJC_IMPLEMENTATIONS = YES;
				CLANG_WARN_DIRECT_OBJC_ISA_USAGE = YES_ERROR;
				CLANG_WARN_DOCUMENTATION_COMMENTS = YES;
				CLANG_WARN_EMPTY_BODY = YES;
				CLANG_WARN_ENUM_CONVERSION = YES;
				CLANG_WARN_INFINITE_RECURSION = YES;
				CLANG_WARN_INT_CONVERSION = YES;
				CLANG_WARN_NON_LITERAL_NULL_CONVERSION = YES;
				CLANG_WARN_OBJC_IMPLICIT_RETAIN_SELF = YES;
				CLANG_WARN_OBJC_LITERAL_CONVERSION = YES;
				CLANG_WARN_OBJC_ROOT_CLASS = YES_ERROR;
				CLANG_WARN_RANGE_LOOP_ANALYSIS = YES;
				CLANG_WARN_STRICT_PROTOTYPES = YES;
				CLANG_WARN_SUSPICIOUS_MOVE = YES;
				CLANG_WARN_UNGUARDED_AVAILABILITY = YES_AGGRESSIVE;
				CLANG_WARN_UNREACHABLE_CODE = YES;
				CLANG_WARN__DUPLICATE_METHOD_MATCH = YES;
				COPY_PHASE_STRIP = NO;
				DEBUG_INFORMATION_FORMAT = "dwarf-with-dsym";
				ENABLE_NS_ASSERTIONS = NO;
				ENABLE_STRICT_OBJC_MSGSEND = YES;
				GCC_C_LANGUAGE_STANDARD = gnu11;
				GCC_NO_COMMON_BLOCKS = YES;
				GCC_WARN_64_TO_32_BIT_CONVERSION = YES;
				GCC_WARN_ABOUT_RETURN_TYPE = YES_ERROR;
				GCC_WARN_UNDECLARED_SELECTOR = YES;
				GCC_WARN_UNINITIALIZED_AUTOS = YES_AGGRESSIVE;
				GCC_WARN_UNUSED_FUNCTION = YES;
				GCC_WARN_UNUSED_VARIABLE = YES;
				MACOSX_DEPLOYMENT_TARGET = 10.15;
				MTL_ENABLE_DEBUG_INFO = NO;
				MTL_FAST_MATH = YES;
				SDKROOT = macosx;
			};
			name = Release;
		};
		0B0EFA67238C2ADF0025EE9E /* Debug */ = {
			isa = XCBuildConfiguration;
			buildSettings = {
				CODE_SIGN_STYLE = Automatic;
				DEVELOPMENT_TEAM = S9CA9S49GT;
				ENABLE_HARDENED_RUNTIME = YES;
				PRODUCT_NAME = "$(TARGET_NAME)";
			};
			name = Debug;
		};
		0B0EFA68238C2ADF0025EE9E /* Release */ = {
			isa = XCBuildConfiguration;
			buildSettings = {
				CODE_SIGN_STYLE = Automatic;
				DEVELOPMENT_TEAM = S9CA9S49GT;
				ENABLE_HARDENED_RUNTIME = YES;
				PRODUCT_NAME = "$(TARGET_NAME)";
			};
			name = Release;
		};
/* End XCBuildConfiguration section */

/* Begin XCConfigurationList section */
		0B0EFA5A238C2ADF0025EE9E /* Build configuration list for PBXProject "图书馆检索总系统" */ = {
			isa = XCConfigurationList;
			buildConfigurations = (
				0B0EFA64238C2ADF0025EE9E /* Debug */,
				0B0EFA65238C2ADF0025EE9E /* Release */,
			);
			defaultConfigurationIsVisible = 0;
			defaultConfigurationName = Release;
		};
		0B0EFA66238C2ADF0025EE9E /* Build configuration list for PBXNativeTarget "图书馆检索总系统" */ = {
			isa = XCConfigurationList;
			buildConfigurations = (
				0B0EFA67238C2ADF0025EE9E /* Debug */,
				0B0EFA68238C2ADF0025EE9E /* Release */,
			);
			defaultConfigurationIsVisible = 0;
			defaultConfigurationName = Release;
		};
/* End XCConfigurationList section */
	};
	rootObject = 0B0EFA57238C2ADF0025EE9E /* Project object */;
}
